// !$*UTF8*$!
{
	archiveVersion = 1;
	classes = {
	};
	objectVersion = 50;
	objects = {

/* Begin PBXBuildFile section */
		491D7870253734F70088DAB6 /* GetRoundedButtonsUI.swift in Sources */ = {isa = PBXBuildFile; fileRef = 491D786F253734F70088DAB6 /* GetRoundedButtonsUI.swift */; };
		49D912B82536061E0057654C /* AppDelegate.swift in Sources */ = {isa = PBXBuildFile; fileRef = 49D912B72536061E0057654C /* AppDelegate.swift */; };
		49D912BA2536061E0057654C /* SceneDelegate.swift in Sources */ = {isa = PBXBuildFile; fileRef = 49D912B92536061E0057654C /* SceneDelegate.swift */; };
		49D912BC2536061E0057654C /* ViewController.swift in Sources */ = {isa = PBXBuildFile; fileRef = 49D912BB2536061E0057654C /* ViewController.swift */; };
		49D912BF2536061E0057654C /* Main.storyboard in Resources */ = {isa = PBXBuildFile; fileRef = 49D912BD2536061E0057654C /* Main.storyboard */; };
		49D912C12536061F0057654C /* Assets.xcassets in Resources */ = {isa = PBXBuildFile; fileRef = 49D912C02536061F0057654C /* Assets.xcassets */; };
		49D912C42536061F0057654C /* LaunchScreen.storyboard in Resources */ = {isa = PBXBuildFile; fileRef = 49D912C22536061F0057654C /* LaunchScreen.storyboard */; };
		49D912CF2536061F0057654C /* Report_AccidentTests.swift in Sources */ = {isa = PBXBuildFile; fileRef = 49D912CE2536061F0057654C /* Report_AccidentTests.swift */; };
		49D912DA2536061F0057654C /* Report_AccidentUITests.swift in Sources */ = {isa = PBXBuildFile; fileRef = 49D912D92536061F0057654C /* Report_AccidentUITests.swift */; };
		A635D75A2536A86700B2F490 /* FormViewController.swift in Sources */ = {isa = PBXBuildFile; fileRef = A635D7592536A86700B2F490 /* FormViewController.swift */; };
/* End PBXBuildFile section */

/* Begin PBXContainerItemProxy section */
		49D912CB2536061F0057654C /* PBXContainerItemProxy */ = {
			isa = PBXContainerItemProxy;
			containerPortal = 49D912AC2536061E0057654C /* Project object */;
			proxyType = 1;
			remoteGlobalIDString = 49D912B32536061E0057654C;
			remoteInfo = "Report-Accident";
		};
		49D912D62536061F0057654C /* PBXContainerItemProxy */ = {
			isa = PBXContainerItemProxy;
			containerPortal = 49D912AC2536061E0057654C /* Project object */;
			proxyType = 1;
			remoteGlobalIDString = 49D912B32536061E0057654C;
			remoteInfo = "Report-Accident";
		};
/* End PBXContainerItemProxy section */

/* Begin PBXFileReference section */
		491D786F253734F70088DAB6 /* GetRoundedButtonsUI.swift */ = {isa = PBXFileReference; lastKnownFileType = sourcecode.swift; path = GetRoundedButtonsUI.swift; sourceTree = "<group>"; };
		49D912B42536061E0057654C /* Report-Accident.app */ = {isa = PBXFileReference; explicitFileType = wrapper.application; includeInIndex = 0; path = "Report-Accident.app"; sourceTree = BUILT_PRODUCTS_DIR; };
		49D912B72536061E0057654C /* AppDelegate.swift */ = {isa = PBXFileReference; lastKnownFileType = sourcecode.swift; path = AppDelegate.swift; sourceTree = "<group>"; };
		49D912B92536061E0057654C /* SceneDelegate.swift */ = {isa = PBXFileReference; lastKnownFileType = sourcecode.swift; path = SceneDelegate.swift; sourceTree = "<group>"; };
		49D912BB2536061E0057654C /* ViewController.swift */ = {isa = PBXFileReference; lastKnownFileType = sourcecode.swift; path = ViewController.swift; sourceTree = "<group>"; };
		49D912BE2536061E0057654C /* Base */ = {isa = PBXFileReference; lastKnownFileType = file.storyboard; name = Base; path = Base.lproj/Main.storyboard; sourceTree = "<group>"; };
		49D912C02536061F0057654C /* Assets.xcassets */ = {isa = PBXFileReference; lastKnownFileType = folder.assetcatalog; path = Assets.xcassets; sourceTree = "<group>"; };
		49D912C32536061F0057654C /* Base */ = {isa = PBXFileReference; lastKnownFileType = file.storyboard; name = Base; path = Base.lproj/LaunchScreen.storyboard; sourceTree = "<group>"; };
		49D912C52536061F0057654C /* Info.plist */ = {isa = PBXFileReference; lastKnownFileType = text.plist.xml; path = Info.plist; sourceTree = "<group>"; };
		49D912CA2536061F0057654C /* Report-AccidentTests.xctest */ = {isa = PBXFileReference; explicitFileType = wrapper.cfbundle; includeInIndex = 0; path = "Report-AccidentTests.xctest"; sourceTree = BUILT_PRODUCTS_DIR; };
		49D912CE2536061F0057654C /* Report_AccidentTests.swift */ = {isa = PBXFileReference; lastKnownFileType = sourcecode.swift; path = Report_AccidentTests.swift; sourceTree = "<group>"; };
		49D912D02536061F0057654C /* Info.plist */ = {isa = PBXFileReference; lastKnownFileType = text.plist.xml; path = Info.plist; sourceTree = "<group>"; };
		49D912D52536061F0057654C /* Report-AccidentUITests.xctest */ = {isa = PBXFileReference; explicitFileType = wrapper.cfbundle; includeInIndex = 0; path = "Report-AccidentUITests.xctest"; sourceTree = BUILT_PRODUCTS_DIR; };
		49D912D92536061F0057654C /* Report_AccidentUITests.swift */ = {isa = PBXFileReference; lastKnownFileType = sourcecode.swift; path = Report_AccidentUITests.swift; sourceTree = "<group>"; };
		49D912DB2536061F0057654C /* Info.plist */ = {isa = PBXFileReference; lastKnownFileType = text.plist.xml; path = Info.plist; sourceTree = "<group>"; };
		A635D7592536A86700B2F490 /* FormViewController.swift */ = {isa = PBXFileReference; lastKnownFileType = sourcecode.swift; path = FormViewController.swift; sourceTree = "<group>"; };
/* End PBXFileReference section */

/* Begin PBXFrameworksBuildPhase section */
		49D912B12536061E0057654C /* Frameworks */ = {
			isa = PBXFrameworksBuildPhase;
			buildActionMask = 2147483647;
			files = (
			);
			runOnlyForDeploymentPostprocessing = 0;
		};
		49D912C72536061F0057654C /* Frameworks */ = {
			isa = PBXFrameworksBuildPhase;
			buildActionMask = 2147483647;
			files = (
			);
			runOnlyForDeploymentPostprocessing = 0;
		};
		49D912D22536061F0057654C /* Frameworks */ = {
			isa = PBXFrameworksBuildPhase;
			buildActionMask = 2147483647;
			files = (
			);
			runOnlyForDeploymentPostprocessing = 0;
		};
/* End PBXFrameworksBuildPhase section */

/* Begin PBXGroup section */
		49D912AB2536061E0057654C = {
			isa = PBXGroup;
			children = (
				49D912B62536061E0057654C /* Report-Accident */,
				49D912CD2536061F0057654C /* Report-AccidentTests */,
				49D912D82536061F0057654C /* Report-AccidentUITests */,
				49D912B52536061E0057654C /* Products */,
			);
			sourceTree = "<group>";
		};
		49D912B52536061E0057654C /* Products */ = {
			isa = PBXGroup;
			children = (
				49D912B42536061E0057654C /* Report-Accident.app */,
				49D912CA2536061F0057654C /* Report-AccidentTests.xctest */,
				49D912D52536061F0057654C /* Report-AccidentUITests.xctest */,
			);
			name = Products;
			sourceTree = "<group>";
		};
		49D912B62536061E0057654C /* Report-Accident */ = {
			isa = PBXGroup;
			children = (
				49D912B72536061E0057654C /* AppDelegate.swift */,
				49D912B92536061E0057654C /* SceneDelegate.swift */,
				49D912BB2536061E0057654C /* ViewController.swift */,
				49D912BD2536061E0057654C /* Main.storyboard */,
				49D912C02536061F0057654C /* Assets.xcassets */,
				49D912C22536061F0057654C /* LaunchScreen.storyboard */,
				49D912C52536061F0057654C /* Info.plist */,
				A635D7592536A86700B2F490 /* FormViewController.swift */,
				491D786F253734F70088DAB6 /* GetRoundedButtonsUI.swift */,
			);
			path = "Report-Accident";
			sourceTree = "<group>";
		};
		49D912CD2536061F0057654C /* Report-AccidentTests */ = {
			isa = PBXGroup;
			children = (
				49D912CE2536061F0057654C /* Report_AccidentTests.swift */,
				49D912D02536061F0057654C /* Info.plist */,
			);
			path = "Report-AccidentTests";
			sourceTree = "<group>";
		};
		49D912D82536061F0057654C /* Report-AccidentUITests */ = {
			isa = PBXGroup;
			children = (
				49D912D92536061F0057654C /* Report_AccidentUITests.swift */,
				49D912DB2536061F0057654C /* Info.plist */,
			);
			path = "Report-AccidentUITests";
			sourceTree = "<group>";
		};
/* End PBXGroup section */

/* Begin PBXNativeTarget section */
		49D912B32536061E0057654C /* Report-Accident */ = {
			isa = PBXNativeTarget;
			buildConfigurationList = 49D912DE2536061F0057654C /* Build configuration list for PBXNativeTarget "Report-Accident" */;
			buildPhases = (
				49D912B02536061E0057654C /* Sources */,
				49D912B12536061E0057654C /* Frameworks */,
				49D912B22536061E0057654C /* Resources */,
			);
			buildRules = (
			);
			dependencies = (
			);
			name = "Report-Accident";
			productName = "Report-Accident";
			productReference = 49D912B42536061E0057654C /* Report-Accident.app */;
			productType = "com.apple.product-type.application";
		};
		49D912C92536061F0057654C /* Report-AccidentTests */ = {
			isa = PBXNativeTarget;
			buildConfigurationList = 49D912E12536061F0057654C /* Build configuration list for PBXNativeTarget "Report-AccidentTests" */;
			buildPhases = (
				49D912C62536061F0057654C /* Sources */,
				49D912C72536061F0057654C /* Frameworks */,
				49D912C82536061F0057654C /* Resources */,
			);
			buildRules = (
			);
			dependencies = (
				49D912CC2536061F0057654C /* PBXTargetDependency */,
			);
			name = "Report-AccidentTests";
			productName = "Report-AccidentTests";
			productReference = 49D912CA2536061F0057654C /* Report-AccidentTests.xctest */;
			productType = "com.apple.product-type.bundle.unit-test";
		};
		49D912D42536061F0057654C /* Report-AccidentUITests */ = {
			isa = PBXNativeTarget;
			buildConfigurationList = 49D912E42536061F0057654C /* Build configuration list for PBXNativeTarget "Report-AccidentUITests" */;
			buildPhases = (
				49D912D12536061F0057654C /* Sources */,
				49D912D22536061F0057654C /* Frameworks */,
				49D912D32536061F0057654C /* Resources */,
			);
			buildRules = (
			);
			dependencies = (
				49D912D72536061F0057654C /* PBXTargetDependency */,
			);
			name = "Report-AccidentUITests";
			productName = "Report-AccidentUITests";
			productReference = 49D912D52536061F0057654C /* Report-AccidentUITests.xctest */;
			productType = "com.apple.product-type.bundle.ui-testing";
		};
/* End PBXNativeTarget section */

/* Begin PBXProject section */
		49D912AC2536061E0057654C /* Project object */ = {
			isa = PBXProject;
			attributes = {
				LastSwiftUpdateCheck = 1200;
				LastUpgradeCheck = 1200;
				TargetAttributes = {
					49D912B32536061E0057654C = {
						CreatedOnToolsVersion = 12.0.1;
					};
					49D912C92536061F0057654C = {
						CreatedOnToolsVersion = 12.0.1;
						TestTargetID = 49D912B32536061E0057654C;
					};
					49D912D42536061F0057654C = {
						CreatedOnToolsVersion = 12.0.1;
						TestTargetID = 49D912B32536061E0057654C;
					};
				};
			};
			buildConfigurationList = 49D912AF2536061E0057654C /* Build configuration list for PBXProject "Report-Accident" */;
			compatibilityVersion = "Xcode 9.3";
			developmentRegion = en;
			hasScannedForEncodings = 0;
			knownRegions = (
				en,
				Base,
			);
			mainGroup = 49D912AB2536061E0057654C;
			productRefGroup = 49D912B52536061E0057654C /* Products */;
			projectDirPath = "";
			projectRoot = "";
			targets = (
				49D912B32536061E0057654C /* Report-Accident */,
				49D912C92536061F0057654C /* Report-AccidentTests */,
				49D912D42536061F0057654C /* Report-AccidentUITests */,
			);
		};
/* End PBXProject section */

/* Begin PBXResourcesBuildPhase section */
		49D912B22536061E0057654C /* Resources */ = {
			isa = PBXResourcesBuildPhase;
			buildActionMask = 2147483647;
			files = (
				49D912C42536061F0057654C /* LaunchScreen.storyboard in Resources */,
				49D912C12536061F0057654C /* Assets.xcassets in Resources */,
				49D912BF2536061E0057654C /* Main.storyboard in Resources */,
			);
			runOnlyForDeploymentPostprocessing = 0;
		};
		49D912C82536061F0057654C /* Resources */ = {
			isa = PBXResourcesBuildPhase;
			buildActionMask = 2147483647;
			files = (
			);
			runOnlyForDeploymentPostprocessing = 0;
		};
		49D912D32536061F0057654C /* Resources */ = {
			isa = PBXResourcesBuildPhase;
			buildActionMask = 2147483647;
			files = (
			);
			runOnlyForDeploymentPostprocessing = 0;
		};
/* End PBXResourcesBuildPhase section */

/* Begin PBXSourcesBuildPhase section */
		49D912B02536061E0057654C /* Sources */ = {
			isa = PBXSourcesBuildPhase;
			buildActionMask = 2147483647;
			files = (
				49D912BC2536061E0057654C /* ViewController.swift in Sources */,
				49D912B82536061E0057654C /* AppDelegate.swift in Sources */,
				49D912BA2536061E0057654C /* SceneDelegate.swift in Sources */,
				491D7870253734F70088DAB6 /* GetRoundedButtonsUI.swift in Sources */,
				A635D75A2536A86700B2F490 /* FormViewController.swift in Sources */,
			);
			runOnlyForDeploymentPostprocessing = 0;
		};
		49D912C62536061F0057654C /* Sources */ = {
			isa = PBXSourcesBuildPhase;
			buildActionMask = 2147483647;
			files = (
				49D912CF2536061F0057654C /* Report_AccidentTests.swift in Sources */,
			);
			runOnlyForDeploymentPostprocessing = 0;
		};
		49D912D12536061F0057654C /* Sources */ = {
			isa = PBXSourcesBuildPhase;
			buildActionMask = 2147483647;
			files = (
				49D912DA2536061F0057654C /* Report_AccidentUITests.swift in Sources */,
			);
			runOnlyForDeploymentPostprocessing = 0;
		};
/* End PBXSourcesBuildPhase section */

/* Begin PBXTargetDependency section */
		49D912CC2536061F0057654C /* PBXTargetDependency */ = {
			isa = PBXTargetDependency;
			target = 49D912B32536061E0057654C /* Report-Accident */;
			targetProxy = 49D912CB2536061F0057654C /* PBXContainerItemProxy */;
		};
		49D912D72536061F0057654C /* PBXTargetDependency */ = {
			isa = PBXTargetDependency;
			target = 49D912B32536061E0057654C /* Report-Accident */;
			targetProxy = 49D912D62536061F0057654C /* PBXContainerItemProxy */;
		};
/* End PBXTargetDependency section */

/* Begin PBXVariantGroup section */
		49D912BD2536061E0057654C /* Main.storyboard */ = {
			isa = PBXVariantGroup;
			children = (
				49D912BE2536061E0057654C /* Base */,
			);
			name = Main.storyboard;
			sourceTree = "<group>";
		};
		49D912C22536061F0057654C /* LaunchScreen.storyboard */ = {
			isa = PBXVariantGroup;
			children = (
				49D912C32536061F0057654C /* Base */,
			);
			name = LaunchScreen.storyboard;
			sourceTree = "<group>";
		};
/* End PBXVariantGroup section */

/* Begin XCBuildConfiguration section */
		49D912DC2536061F0057654C /* Debug */ = {
			isa = XCBuildConfiguration;
			buildSettings = {
				ALWAYS_SEARCH_USER_PATHS = NO;
				CLANG_ANALYZER_NONNULL = YES;
				CLANG_ANALYZER_NUMBER_OBJECT_CONVERSION = YES_AGGRESSIVE;
				CLANG_CXX_LANGUAGE_STANDARD = "gnu++14";
				CLANG_CXX_LIBRARY = "libc++";
				CLANG_ENABLE_MODULES = YES;
				CLANG_ENABLE_OBJC_ARC = YES;
				CLANG_ENABLE_OBJC_WEAK = YES;
				CLANG_WARN_BLOCK_CAPTURE_AUTORELEASING = YES;
				CLANG_WARN_BOOL_CONVERSION = YES;
				CLANG_WARN_COMMA = YES;
				CLANG_WARN_CONSTANT_CONVERSION = YES;
				CLANG_WARN_DEPRECATED_OBJC_IMPLEMENTATIONS = YES;
				CLANG_WARN_DIRECT_OBJC_ISA_USAGE = YES_ERROR;
				CLANG_WARN_DOCUMENTATION_COMMENTS = YES;
				CLANG_WARN_EMPTY_BODY = YES;
				CLANG_WARN_ENUM_CONVERSION = YES;
				CLANG_WARN_INFINITE_RECURSION = YES;
				CLANG_WARN_INT_CONVERSION = YES;
				CLANG_WARN_NON_LITERAL_NULL_CONVERSION = YES;
				CLANG_WARN_OBJC_IMPLICIT_RETAIN_SELF = YES;
				CLANG_WARN_OBJC_LITERAL_CONVERSION = YES;
				CLANG_WARN_OBJC_ROOT_CLASS = YES_ERROR;
				CLANG_WARN_QUOTED_INCLUDE_IN_FRAMEWORK_HEADER = YES;
				CLANG_WARN_RANGE_LOOP_ANALYSIS = YES;
				CLANG_WARN_STRICT_PROTOTYPES = YES;
				CLANG_WARN_SUSPICIOUS_MOVE = YES;
				CLANG_WARN_UNGUARDED_AVAILABILITY = YES_AGGRESSIVE;
				CLANG_WARN_UNREACHABLE_CODE = YES;
				CLANG_WARN__DUPLICATE_METHOD_MATCH = YES;
				COPY_PHASE_STRIP = NO;
				DEBUG_INFORMATION_FORMAT = dwarf;
				ENABLE_STRICT_OBJC_MSGSEND = YES;
				ENABLE_TESTABILITY = YES;
				GCC_C_LANGUAGE_STANDARD = gnu11;
				GCC_DYNAMIC_NO_PIC = NO;
				GCC_NO_COMMON_BLOCKS = YES;
				GCC_OPTIMIZATION_LEVEL = 0;
				GCC_PREPROCESSOR_DEFINITIONS = (
					"DEBUG=1",
					"$(inherited)",
				);
				GCC_WARN_64_TO_32_BIT_CONVERSION = YES;
				GCC_WARN_ABOUT_RETURN_TYPE = YES_ERROR;
				GCC_WARN_UNDECLARED_SELECTOR = YES;
				GCC_WARN_UNINITIALIZED_AUTOS = YES_AGGRESSIVE;
				GCC_WARN_UNUSED_FUNCTION = YES;
				GCC_WARN_UNUSED_VARIABLE = YES;
				IPHONEOS_DEPLOYMENT_TARGET = 14.0;
				MTL_ENABLE_DEBUG_INFO = INCLUDE_SOURCE;
				MTL_FAST_MATH = YES;
				ONLY_ACTIVE_ARCH = YES;
				SDKROOT = iphoneos;
				SWIFT_ACTIVE_COMPILATION_CONDITIONS = DEBUG;
				SWIFT_OPTIMIZATION_LEVEL = "-Onone";
			};
			name = Debug;
		};
		49D912DD2536061F0057654C /* Release */ = {
			isa = XCBuildConfiguration;
			buildSettings = {
				ALWAYS_SEARCH_USER_PATHS = NO;
				CLANG_ANALYZER_NONNULL = YES;
				CLANG_ANALYZER_NUMBER_OBJECT_CONVERSION = YES_AGGRESSIVE;
				CLANG_CXX_LANGUAGE_STANDARD = "gnu++14";
				CLANG_CXX_LIBRARY = "libc++";
				CLANG_ENABLE_MODULES = YES;
				CLANG_ENABLE_OBJC_ARC = YES;
				CLANG_ENABLE_OBJC_WEAK = YES;
				CLANG_WARN_BLOCK_CAPTURE_AUTORELEASING = YES;
				CLANG_WARN_BOOL_CONVERSION = YES;
				CLANG_WARN_COMMA = YES;
				CLANG_WARN_CONSTANT_CONVERSION = YES;
				CLANG_WARN_DEPRECATED_OBJC_IMPLEMENTATIONS = YES;
				CLANG_WARN_DIRECT_OBJC_ISA_USAGE = YES_ERROR;
				CLANG_WARN_DOCUMENTATION_COMMENTS = YES;
				CLANG_WARN_EMPTY_BODY = YES;
				CLANG_WARN_ENUM_CONVERSION = YES;
				CLANG_WARN_INFINITE_RECURSION = YES;
				CLANG_WARN_INT_CONVERSION = YES;
				CLANG_WARN_NON_LITERAL_NULL_CONVERSION = YES;
				CLANG_WARN_OBJC_IMPLICIT_RETAIN_SELF = YES;
				CLANG_WARN_OBJC_LITERAL_CONVERSION = YES;
				CLANG_WARN_OBJC_ROOT_CLASS = YES_ERROR;
				CLANG_WARN_QUOTED_INCLUDE_IN_FRAMEWORK_HEADER = YES;
				CLANG_WARN_RANGE_LOOP_ANALYSIS = YES;
				CLANG_WARN_STRICT_PROTOTYPES = YES;
				CLANG_WARN_SUSPICIOUS_MOVE = YES;
				CLANG_WARN_UNGUARDED_AVAILABILITY = YES_AGGRESSIVE;
				CLANG_WARN_UNREACHABLE_CODE = YES;
				CLANG_WARN__DUPLICATE_METHOD_MATCH = YES;
				COPY_PHASE_STRIP = NO;
				DEBUG_INFORMATION_FORMAT = "dwarf-with-dsym";
				ENABLE_NS_ASSERTIONS = NO;
				ENABLE_STRICT_OBJC_MSGSEND = YES;
				GCC_C_LANGUAGE_STANDARD = gnu11;
				GCC_NO_COMMON_BLOCKS = YES;
				GCC_WARN_64_TO_32_BIT_CONVERSION = YES;
				GCC_WARN_ABOUT_RETURN_TYPE = YES_ERROR;
				GCC_WARN_UNDECLARED_SELECTOR = YES;
				GCC_WARN_UNINITIALIZED_AUTOS = YES_AGGRESSIVE;
				GCC_WARN_UNUSED_FUNCTION = YES;
				GCC_WARN_UNUSED_VARIABLE = YES;
				IPHONEOS_DEPLOYMENT_TARGET = 14.0;
				MTL_ENABLE_DEBUG_INFO = NO;
				MTL_FAST_MATH = YES;
				SDKROOT = iphoneos;
				SWIFT_COMPILATION_MODE = wholemodule;
				SWIFT_OPTIMIZATION_LEVEL = "-O";
				VALIDATE_PRODUCT = YES;
			};
			name = Release;
		};
		49D912DF2536061F0057654C /* Debug */ = {
			isa = XCBuildConfiguration;
			buildSettings = {
				ASSETCATALOG_COMPILER_APPICON_NAME = AppIcon;
				ASSETCATALOG_COMPILER_GLOBAL_ACCENT_COLOR_NAME = AccentColor;
				CODE_SIGN_STYLE = Automatic;
				DEVELOPMENT_TEAM = K4GUD8H29N;
				INFOPLIST_FILE = "Report-Accident/Info.plist";
				LD_RUNPATH_SEARCH_PATHS = (
					"$(inherited)",
					"@executable_path/Frameworks",
				);
				PRODUCT_BUNDLE_IDENTIFIER = "com.Andrew.Report-Accident";
				PRODUCT_NAME = "$(TARGET_NAME)";
				SWIFT_VERSION = 5.0;
				TARGETED_DEVICE_FAMILY = "1,2";
			};
			name = Debug;
		};
		49D912E02536061F0057654C /* Release */ = {
			isa = XCBuildConfiguration;
			buildSettings = {
				ASSETCATALOG_COMPILER_APPICON_NAME = AppIcon;
				ASSETCATALOG_COMPILER_GLOBAL_ACCENT_COLOR_NAME = AccentColor;
				CODE_SIGN_STYLE = Automatic;
				DEVELOPMENT_TEAM = K4GUD8H29N;
				INFOPLIST_FILE = "Report-Accident/Info.plist";
				LD_RUNPATH_SEARCH_PATHS = (
					"$(inherited)",
					"@executable_path/Frameworks",
				);
				PRODUCT_BUNDLE_IDENTIFIER = "com.Andrew.Report-Accident";
				PRODUCT_NAME = "$(TARGET_NAME)";
				SWIFT_VERSION = 5.0;
				TARGETED_DEVICE_FAMILY = "1,2";
			};
			name = Release;
		};
		49D912E22536061F0057654C /* Debug */ = {
			isa = XCBuildConfiguration;
			buildSettings = {
				ALWAYS_EMBED_SWIFT_STANDARD_LIBRARIES = YES;
				BUNDLE_LOADER = "$(TEST_HOST)";
				CODE_SIGN_STYLE = Automatic;
				DEVELOPMENT_TEAM = K4GUD8H29N;
				INFOPLIST_FILE = "Report-AccidentTests/Info.plist";
				IPHONEOS_DEPLOYMENT_TARGET = 14.0;
				LD_RUNPATH_SEARCH_PATHS = (
					"$(inherited)",
					"@executable_path/Frameworks",
					"@loader_path/Frameworks",
				);
				PRODUCT_BUNDLE_IDENTIFIER = "com.Andrew.Report-AccidentTests";
				PRODUCT_NAME = "$(TARGET_NAME)";
				SWIFT_VERSION = 5.0;
				TARGETED_DEVICE_FAMILY = "1,2";
				TEST_HOST = "$(BUILT_PRODUCTS_DIR)/Report-Accident.app/Report-Accident";
			};
			name = Debug;
		};
		49D912E32536061F0057654C /* Release */ = {
			isa = XCBuildConfiguration;
			buildSettings = {
				ALWAYS_EMBED_SWIFT_STANDARD_LIBRARIES = YES;
				BUNDLE_LOADER = "$(TEST_HOST)";
				CODE_SIGN_STYLE = Automatic;
				DEVELOPMENT_TEAM = K4GUD8H29N;
				INFOPLIST_FILE = "Report-AccidentTests/Info.plist";
				IPHONEOS_DEPLOYMENT_TARGET = 14.0;
				LD_RUNPATH_SEARCH_PATHS = (
					"$(inherited)",
					"@executable_path/Frameworks",
					"@loader_path/Frameworks",
				);
				PRODUCT_BUNDLE_IDENTIFIER = "com.Andrew.Report-AccidentTests";
				PRODUCT_NAME = "$(TARGET_NAME)";
				SWIFT_VERSION = 5.0;
				TARGETED_DEVICE_FAMILY = "1,2";
				TEST_HOST = "$(BUILT_PRODUCTS_DIR)/Report-Accident.app/Report-Accident";
			};
			name = Release;
		};
		49D912E52536061F0057654C /* Debug */ = {
			isa = XCBuildConfiguration;
			buildSettings = {
				ALWAYS_EMBED_SWIFT_STANDARD_LIBRARIES = YES;
				CODE_SIGN_STYLE = Automatic;
				DEVELOPMENT_TEAM = K4GUD8H29N;
				INFOPLIST_FILE = "Report-AccidentUITests/Info.plist";
				LD_RUNPATH_SEARCH_PATHS = (
					"$(inherited)",
					"@executable_path/Frameworks",
					"@loader_path/Frameworks",
				);
				PRODUCT_BUNDLE_IDENTIFIER = "com.Andrew.Report-AccidentUITests";
				PRODUCT_NAME = "$(TARGET_NAME)";
				SWIFT_VERSION = 5.0;
				TARGETED_DEVICE_FAMILY = "1,2";
				TEST_TARGET_NAME = "Report-Accident";
			};
			name = Debug;
		};
		49D912E62536061F0057654C /* Release */ = {
			isa = XCBuildConfiguration;
			buildSettings = {
				ALWAYS_EMBED_SWIFT_STANDARD_LIBRARIES = YES;
				CODE_SIGN_STYLE = Automatic;
				DEVELOPMENT_TEAM = K4GUD8H29N;
				INFOPLIST_FILE = "Report-AccidentUITests/Info.plist";
				LD_RUNPATH_SEARCH_PATHS = (
					"$(inherited)",
					"@executable_path/Frameworks",
					"@loader_path/Frameworks",
				);
				PRODUCT_BUNDLE_IDENTIFIER = "com.Andrew.Report-AccidentUITests";
				PRODUCT_NAME = "$(TARGET_NAME)";
				SWIFT_VERSION = 5.0;
				TARGETED_DEVICE_FAMILY = "1,2";
				TEST_TARGET_NAME = "Report-Accident";
			};
			name = Release;
		};
/* End XCBuildConfiguration section */

/* Begin XCConfigurationList section */
		49D912AF2536061E0057654C /* Build configuration list for PBXProject "Report-Accident" */ = {
			isa = XCConfigurationList;
			buildConfigurations = (
				49D912DC2536061F0057654C /* Debug */,
				49D912DD2536061F0057654C /* Release */,
			);
			defaultConfigurationIsVisible = 0;
			defaultConfigurationName = Release;
		};
		49D912DE2536061F0057654C /* Build configuration list for PBXNativeTarget "Report-Accident" */ = {
			isa = XCConfigurationList;
			buildConfigurations = (
				49D912DF2536061F0057654C /* Debug */,
				49D912E02536061F0057654C /* Release */,
			);
			defaultConfigurationIsVisible = 0;
			defaultConfigurationName = Release;
		};
		49D912E12536061F0057654C /* Build configuration list for PBXNativeTarget "Report-AccidentTests" */ = {
			isa = XCConfigurationList;
			buildConfigurations = (
				49D912E22536061F0057654C /* Debug */,
				49D912E32536061F0057654C /* Release */,
			);
			defaultConfigurationIsVisible = 0;
			defaultConfigurationName = Release;
		};
		49D912E42536061F0057654C /* Build configuration list for PBXNativeTarget "Report-AccidentUITests" */ = {
			isa = XCConfigurationList;
			buildConfigurations = (
				49D912E52536061F0057654C /* Debug */,
				49D912E62536061F0057654C /* Release */,
			);
			defaultConfigurationIsVisible = 0;
			defaultConfigurationName = Release;
		};
/* End XCConfigurationList section */
	};
	rootObject = 49D912AC2536061E0057654C /* Project object */;
}
